{
  "name": "mpvue-demo",
  "version": "0.1.0",
  "lockfileVersion": 1,
  "requires": true,
  "dependencies": {
    "mptoast": {
      "version": "1.1.3",
      "resolved": "https://registry.npmjs.org/mptoast/-/mptoast-1.1.3.tgz",
      "integrity": "sha512-14mrNmgALpzD7sK8s7iH839/tXUp/3vSgyq70t+UsJGE7zF1dcwRtOC1wmjNgXPcD8wgARN8aRQJiF2mbsvINw==",
      "dev": true,
      "requires": {
        "mptoast": "1.1.3",
        "mpvue": "1.0.12",
        "vuex": "2.5.0"
      },
      "dependencies": {
        "mpvue": {
          "version": "1.0.12",
          "resolved": "https://registry.npmjs.org/mpvue/-/mpvue-1.0.12.tgz",
          "integrity": "sha512-tuUiH2pcqQdoLQSi19s7B/D0zJ78NGQ8QbIUxy4IARD9myUk7y+4TOXDxfWT2L6XnOn0PHpFaRx7BwVYNqHEVg==",
          "dev": true
        },
        "vuex": {
          "version": "2.5.0",
          "resolved": "https://registry.npmjs.org/vuex/-/vuex-2.5.0.tgz",
          "integrity": "sha512-5oJPOJySBgSgSzoeO+gZB/BbN/XsapgIF6tz34UwJqnGZMQurzIO3B4KIBf862gfc9ya+oduY5sSkq+5/oOilQ==",
          "dev": true
        }
      }
    },
    "vuex": {
      "version": "3.0.1",
      "resolved": "https://registry.npmjs.org/vuex/-/vuex-3.0.1.tgz",
      "integrity": "sha512-wLoqz0B7DSZtgbWL1ShIBBCjv22GV5U+vcBFox658g6V0s4wZV9P4YjCNyoHSyIBpj1f29JBoNQIqD82cR4O3w=="
    }
  }
}
